# This file is autogenerated, do not edit; changes may be undone by the next 'dep ensure'.


[[projects]]
  digest = "1:6f9339c912bbdda81302633ad7e99a28dfa5a639c864061f1929510a9a64aa74"
  name = "github.com/dustin/go-humanize"
  packages = ["."]
  pruneopts = "UT"
  revision = "9f541cc9db5d55bce703bd99987c9d5cb8eea45e"
  version = "v1.0.0"

[[projects]]
  branch = "master"
  digest = "1:3f85c21429bed84a8cc302779080ab4aa9d05acd6f6a2d0cb5e7cd2d75788227"
  name = "github.com/gen2brain/go-unarr"
  packages = ["."]
  pruneopts = "UT"
  revision = "d083a5a1fc2606684d0bd4e3a4fb090d798affe7"

[solve-meta]
  analyzer-name = "dep"
  analyzer-version = 1
  input-imports = [
    "github.com/dustin/go-humanize",
    "github.com/gen2brain/go-unarr",
  ]
  solver-name = "gps-cdcl"
  solver-version = 1
